
Microsoft Visual Studio Solution File, Format Version 12.00
# Visual Studio Version 17
VisualStudioVersion = 17.14.36518.9 d17.14
MinimumVisualStudioVersion = 10.0.40219.1
Project("{FAE04EC0-301F-11D3-BF4B-00C04F79EFBC}") = "loginVereisten", "loginVereisten\loginVereisten.csproj", "{20279915-1CDB-43C4-86DC-4F091CD89081}"
EndProject
Global
	GlobalSection(SolutionConfigurationPlatforms) = preSolution
		Debug|Any CPU = Debug|Any CPU
		Release|Any CPU = Release|Any CPU
	EndGlobalSection
	GlobalSection(ProjectConfigurationPlatforms) = postSolution
		{20279915-1CDB-43C4-86DC-4F091CD89081}.Debug|Any CPU.ActiveCfg = Debug|Any CPU
		{20279915-1CDB-43C4-86DC-4F091CD89081}.Debug|Any CPU.Build.0 = Debug|Any CPU
		{20279915-1CDB-43C4-86DC-4F091CD89081}.Release|Any CPU.ActiveCfg = Release|Any CPU
		{20279915-1CDB-43C4-86DC-4F091CD89081}.Release|Any CPU.Build.0 = Release|Any CPU
	EndGlobalSection
	GlobalSection(SolutionProperties) = preSolution
		HideSolutionNode = FALSE
	EndGlobalSection
	GlobalSection(ExtensibilityGlobals) = postSolution
		SolutionGuid = {D7C4A404-C59E-4210-AB40-624E1AC81E24}
	EndGlobalSection
EndGlobal
